
Microsoft Visual Studio Solution File, Format Version 12.00
# Visual Studio Version 17
VisualStudioVersion = 17.1.32421.90
MinimumVisualStudioVersion = 10.0.40219.1
Project("{FAE04EC0-301F-11D3-BF4B-00C04F79EFBC}") = "customer.api", "customer.api\customer.api.csproj", "{11F6126B-2890-4E9B-9407-088074A3E7C0}"
EndProject
Global
	GlobalSection(SolutionConfigurationPlatforms) = preSolution
		Debug|Any CPU = Debug|Any CPU
		Release|Any CPU = Release|Any CPU
	EndGlobalSection
	GlobalSection(ProjectConfigurationPlatforms) = postSolution
		{11F6126B-2890-4E9B-9407-088074A3E7C0}.Debug|Any CPU.ActiveCfg = Debug|Any CPU
		{11F6126B-2890-4E9B-9407-088074A3E7C0}.Debug|Any CPU.Build.0 = Debug|Any CPU
		{11F6126B-2890-4E9B-9407-088074A3E7C0}.Release|Any CPU.ActiveCfg = Release|Any CPU
		{11F6126B-2890-4E9B-9407-088074A3E7C0}.Release|Any CPU.Build.0 = Release|Any CPU
	EndGlobalSection
	GlobalSection(SolutionProperties) = preSolution
		HideSolutionNode = FALSE
	EndGlobalSection
	GlobalSection(ExtensibilityGlobals) = postSolution
		SolutionGuid = {9F4313C4-EEC2-419C-A1EF-693F68AB1235}
	EndGlobalSection
EndGlobal
