
Microsoft Visual Studio Solution File, Format Version 12.00
# Visual Studio Version 17
VisualStudioVersion = 17.1.32421.90
MinimumVisualStudioVersion = 10.0.40219.1
Project("{9A19103F-16F7-4668-BE54-9A1E7A4F7556}") = "customer.api", "customer.api\customer.api.csproj", "{11F6126B-2890-4E9B-9407-088074A3E7C0}"
EndProject
Project("{9A19103F-16F7-4668-BE54-9A1E7A4F7556}") = "Antifrand.Api", "Antifrand.Api\Antifrand.Api.csproj", "{E3F290E7-68A6-4ACB-9E9F-E07DEC36F078}"
EndProject
Project("{E53339B2-1760-4266-BCC7-CA923CBCF16C}") = "docker-compose", "docker-compose.dcproj", "{1C9C82FE-C3B4-4EE8-9DD8-DB7537C650BE}"
EndProject
Global
	GlobalSection(SolutionConfigurationPlatforms) = preSolution
		Debug|Any CPU = Debug|Any CPU
		Release|Any CPU = Release|Any CPU
	EndGlobalSection
	GlobalSection(ProjectConfigurationPlatforms) = postSolution
		{11F6126B-2890-4E9B-9407-088074A3E7C0}.Debug|Any CPU.ActiveCfg = Debug|Any CPU
		{11F6126B-2890-4E9B-9407-088074A3E7C0}.Debug|Any CPU.Build.0 = Debug|Any CPU
		{11F6126B-2890-4E9B-9407-088074A3E7C0}.Release|Any CPU.ActiveCfg = Release|Any CPU
		{11F6126B-2890-4E9B-9407-088074A3E7C0}.Release|Any CPU.Build.0 = Release|Any CPU
		{E3F290E7-68A6-4ACB-9E9F-E07DEC36F078}.Debug|Any CPU.ActiveCfg = Debug|Any CPU
		{E3F290E7-68A6-4ACB-9E9F-E07DEC36F078}.Debug|Any CPU.Build.0 = Debug|Any CPU
		{E3F290E7-68A6-4ACB-9E9F-E07DEC36F078}.Release|Any CPU.ActiveCfg = Release|Any CPU
		{E3F290E7-68A6-4ACB-9E9F-E07DEC36F078}.Release|Any CPU.Build.0 = Release|Any CPU
		{1C9C82FE-C3B4-4EE8-9DD8-DB7537C650BE}.Debug|Any CPU.ActiveCfg = Debug|Any CPU
		{1C9C82FE-C3B4-4EE8-9DD8-DB7537C650BE}.Debug|Any CPU.Build.0 = Debug|Any CPU
		{1C9C82FE-C3B4-4EE8-9DD8-DB7537C650BE}.Release|Any CPU.ActiveCfg = Release|Any CPU
		{1C9C82FE-C3B4-4EE8-9DD8-DB7537C650BE}.Release|Any CPU.Build.0 = Release|Any CPU
	EndGlobalSection
	GlobalSection(SolutionProperties) = preSolution
		HideSolutionNode = FALSE
	EndGlobalSection
	GlobalSection(ExtensibilityGlobals) = postSolution
		SolutionGuid = {9F4313C4-EEC2-419C-A1EF-693F68AB1235}
	EndGlobalSection
EndGlobal
